
Microsoft Visual Studio Solution File, Format Version 12.00
# Visual Studio Version 17
VisualStudioVersion = 17.8.34330.188
MinimumVisualStudioVersion = 10.0.40219.1
Project("{FAE04EC0-301F-11D3-BF4B-00C04F79EFBC}") = "Quan_Li_Luan_Van", "Quan_Li_Luan_Van\Quan_Li_Luan_Van.csproj", "{2516BF93-5202-4A91-99D4-817595298629}"
EndProject
Global
	GlobalSection(SolutionConfigurationPlatforms) = preSolution
		Debug|Any CPU = Debug|Any CPU
		Release|Any CPU = Release|Any CPU
	EndGlobalSection
	GlobalSection(ProjectConfigurationPlatforms) = postSolution
		{2516BF93-5202-4A91-99D4-817595298629}.Debug|Any CPU.ActiveCfg = Debug|Any CPU
		{2516BF93-5202-4A91-99D4-817595298629}.Debug|Any CPU.Build.0 = Debug|Any CPU
		{2516BF93-5202-4A91-99D4-817595298629}.Release|Any CPU.ActiveCfg = Release|Any CPU
		{2516BF93-5202-4A91-99D4-817595298629}.Release|Any CPU.Build.0 = Release|Any CPU
	EndGlobalSection
	GlobalSection(SolutionProperties) = preSolution
		HideSolutionNode = FALSE
	EndGlobalSection
	GlobalSection(ExtensibilityGlobals) = postSolution
		SolutionGuid = {AA60C0CA-4F7D-41CB-BBEC-BD4510209AED}
	EndGlobalSection
EndGlobal
